
Microsoft Visual Studio Solution File, Format Version 12.00
# Visual Studio Version 16
VisualStudioVersion = 16.0.31105.61
MinimumVisualStudioVersion = 10.0.40219.1
Project("{2150E333-8FDC-42A3-9474-1A3956D46DE8}") = "Cinema", "Cinema", "{A815C04B-D2C1-4953-BC3A-D3BE35088AEC}"
EndProject
Project("{FAE04EC0-301F-11D3-BF4B-00C04F79EFBC}") = "Cinema.Web", "Cinema.Web\Cinema.Web.csproj", "{B335D23C-4FD4-4468-B282-33097292D4A3}"
EndProject
Global
	GlobalSection(SolutionConfigurationPlatforms) = preSolution
		Debug|Any CPU = Debug|Any CPU
		Release|Any CPU = Release|Any CPU
	EndGlobalSection
	GlobalSection(ProjectConfigurationPlatforms) = postSolution
		{B335D23C-4FD4-4468-B282-33097292D4A3}.Debug|Any CPU.ActiveCfg = Debug|Any CPU
		{B335D23C-4FD4-4468-B282-33097292D4A3}.Debug|Any CPU.Build.0 = Debug|Any CPU
		{B335D23C-4FD4-4468-B282-33097292D4A3}.Release|Any CPU.ActiveCfg = Release|Any CPU
		{B335D23C-4FD4-4468-B282-33097292D4A3}.Release|Any CPU.Build.0 = Release|Any CPU
	EndGlobalSection
	GlobalSection(SolutionProperties) = preSolution
		HideSolutionNode = FALSE
	EndGlobalSection
	GlobalSection(NestedProjects) = preSolution
		{B335D23C-4FD4-4468-B282-33097292D4A3} = {A815C04B-D2C1-4953-BC3A-D3BE35088AEC}
	EndGlobalSection
	GlobalSection(ExtensibilityGlobals) = postSolution
		SolutionGuid = {677D65BF-EE2B-4AC7-ADDF-C3198BEEBA3E}
	EndGlobalSection
EndGlobal
